
Microsoft Visual Studio Solution File, Format Version 12.00
# Visual Studio Version 17
VisualStudioVersion = 17.3.32929.385
MinimumVisualStudioVersion = 10.0.40219.1
Project("{9A19103F-16F7-4668-BE54-9A1E7A4F7556}") = "1. OOP", "[.NET]Advanced_paskaitos\1. OOP.csproj", "{BC16C58F-644D-475C-B71B-1DC25401F489}"
EndProject
Project("{9A19103F-16F7-4668-BE54-9A1E7A4F7556}") = "2. ClassMethods", "2. ClassMethods\2. ClassMethods.csproj", "{196FDBB7-DA75-437D-A007-2B70D8CF688D}"
EndProject
Project("{9A19103F-16F7-4668-BE54-9A1E7A4F7556}") = "3.InheritanceAndVirtualMethods", "3.InheritanceAndVirtualMethods\3.InheritanceAndVirtualMethods.csproj", "{36A82803-207C-4205-A19B-0D57898CF01F}"
EndProject
Project("{9A19103F-16F7-4668-BE54-9A1E7A4F7556}") = "4.Abstrakcijos", "4.Abstrakcijos\4.Abstrakcijos.csproj", "{723457C6-2294-40A6-AB6E-5EEB43E1C360}"
EndProject
Project("{9A19103F-16F7-4668-BE54-9A1E7A4F7556}") = "4.Abstract_uzduotys", "4.Abstract_uzduotys\4.Abstract_uzduotys.csproj", "{5B7CE940-DEF7-4610-BF5D-2921286FDE0F}"
EndProject
Project("{9A19103F-16F7-4668-BE54-9A1E7A4F7556}") = "5. Accessibility", "5. Accessibility\5. Accessibility.csproj", "{456F6EB5-BB72-4676-B5EA-E40A714057C4}"
EndProject
Project("{9A19103F-16F7-4668-BE54-9A1E7A4F7556}") = "6.Streams", "6.Streams\6.Streams.csproj", "{53CDFF5B-6EE2-49E3-AD46-284DAB2601A8}"
EndProject
Project("{9A19103F-16F7-4668-BE54-9A1E7A4F7556}") = "Advanced.1.Generics", "Advanced.1.Generics\Advanced.1.Generics.csproj", "{CCD16425-B3BD-45C8-A0E6-1E304DD4F85D}"
EndProject
Project("{9A19103F-16F7-4668-BE54-9A1E7A4F7556}") = "Advanced.2.Generics", "Advanced.2.Generics\Advanced.2.Generics.csproj", "{8C2AD2DC-CBC6-47E1-B9E8-A73D7D105ECD}"
EndProject
Project("{9A19103F-16F7-4668-BE54-9A1E7A4F7556}") = "Advanced.3.Generics", "Advanced.3.Generics\Advanced.3.Generics.csproj", "{BB2658D0-0C69-4A8A-92B4-564ADFD0E86C}"
EndProject
Project("{9A19103F-16F7-4668-BE54-9A1E7A4F7556}") = "Advanced.4.Exception handling", "Advanced.4.Exception handling\Advanced.4.Exception handling.csproj", "{974B12CE-63A5-493F-B44C-E7AD6ADB7205}"
EndProject
Project("{9A19103F-16F7-4668-BE54-9A1E7A4F7556}") = "Advanced.5.Extension methods", "Advanced.5.Extension methods\Advanced.5.Extension methods.csproj", "{5D8818B6-D78E-4EBF-B120-5998D81F7040}"
EndProject
Project("{9A19103F-16F7-4668-BE54-9A1E7A4F7556}") = "Advanced.6.Delegatai", "Advanced.6.Delegatai\Advanced.6.Delegatai.csproj", "{9EE193B1-BD08-4302-A631-C5051284E6C2}"
EndProject
Project("{FAE04EC0-301F-11D3-BF4B-00C04F79EFBC}") = "Advanced.7.Lambda", "Advanced.7.Lambda\Advanced.7.Lambda.csproj", "{0FC610CB-4543-4BE5-8F35-0CCA8A967182}"
EndProject
Global
	GlobalSection(SolutionConfigurationPlatforms) = preSolution
		Debug|Any CPU = Debug|Any CPU
		Release|Any CPU = Release|Any CPU
	EndGlobalSection
	GlobalSection(ProjectConfigurationPlatforms) = postSolution
		{BC16C58F-644D-475C-B71B-1DC25401F489}.Debug|Any CPU.ActiveCfg = Debug|Any CPU
		{BC16C58F-644D-475C-B71B-1DC25401F489}.Debug|Any CPU.Build.0 = Debug|Any CPU
		{BC16C58F-644D-475C-B71B-1DC25401F489}.Release|Any CPU.ActiveCfg = Release|Any CPU
		{BC16C58F-644D-475C-B71B-1DC25401F489}.Release|Any CPU.Build.0 = Release|Any CPU
		{196FDBB7-DA75-437D-A007-2B70D8CF688D}.Debug|Any CPU.ActiveCfg = Debug|Any CPU
		{196FDBB7-DA75-437D-A007-2B70D8CF688D}.Debug|Any CPU.Build.0 = Debug|Any CPU
		{196FDBB7-DA75-437D-A007-2B70D8CF688D}.Release|Any CPU.ActiveCfg = Release|Any CPU
		{196FDBB7-DA75-437D-A007-2B70D8CF688D}.Release|Any CPU.Build.0 = Release|Any CPU
		{36A82803-207C-4205-A19B-0D57898CF01F}.Debug|Any CPU.ActiveCfg = Debug|Any CPU
		{36A82803-207C-4205-A19B-0D57898CF01F}.Debug|Any CPU.Build.0 = Debug|Any CPU
		{36A82803-207C-4205-A19B-0D57898CF01F}.Release|Any CPU.ActiveCfg = Release|Any CPU
		{36A82803-207C-4205-A19B-0D57898CF01F}.Release|Any CPU.Build.0 = Release|Any CPU
		{723457C6-2294-40A6-AB6E-5EEB43E1C360}.Debug|Any CPU.ActiveCfg = Debug|Any CPU
		{723457C6-2294-40A6-AB6E-5EEB43E1C360}.Debug|Any CPU.Build.0 = Debug|Any CPU
		{723457C6-2294-40A6-AB6E-5EEB43E1C360}.Release|Any CPU.ActiveCfg = Release|Any CPU
		{723457C6-2294-40A6-AB6E-5EEB43E1C360}.Release|Any CPU.Build.0 = Release|Any CPU
		{5B7CE940-DEF7-4610-BF5D-2921286FDE0F}.Debug|Any CPU.ActiveCfg = Debug|Any CPU
		{5B7CE940-DEF7-4610-BF5D-2921286FDE0F}.Debug|Any CPU.Build.0 = Debug|Any CPU
		{5B7CE940-DEF7-4610-BF5D-2921286FDE0F}.Release|Any CPU.ActiveCfg = Release|Any CPU
		{5B7CE940-DEF7-4610-BF5D-2921286FDE0F}.Release|Any CPU.Build.0 = Release|Any CPU
		{456F6EB5-BB72-4676-B5EA-E40A714057C4}.Debug|Any CPU.ActiveCfg = Debug|Any CPU
		{456F6EB5-BB72-4676-B5EA-E40A714057C4}.Debug|Any CPU.Build.0 = Debug|Any CPU
		{456F6EB5-BB72-4676-B5EA-E40A714057C4}.Release|Any CPU.ActiveCfg = Release|Any CPU
		{456F6EB5-BB72-4676-B5EA-E40A714057C4}.Release|Any CPU.Build.0 = Release|Any CPU
		{53CDFF5B-6EE2-49E3-AD46-284DAB2601A8}.Debug|Any CPU.ActiveCfg = Debug|Any CPU
		{53CDFF5B-6EE2-49E3-AD46-284DAB2601A8}.Debug|Any CPU.Build.0 = Debug|Any CPU
		{53CDFF5B-6EE2-49E3-AD46-284DAB2601A8}.Release|Any CPU.ActiveCfg = Release|Any CPU
		{53CDFF5B-6EE2-49E3-AD46-284DAB2601A8}.Release|Any CPU.Build.0 = Release|Any CPU
		{CCD16425-B3BD-45C8-A0E6-1E304DD4F85D}.Debug|Any CPU.ActiveCfg = Debug|Any CPU
		{CCD16425-B3BD-45C8-A0E6-1E304DD4F85D}.Debug|Any CPU.Build.0 = Debug|Any CPU
		{CCD16425-B3BD-45C8-A0E6-1E304DD4F85D}.Release|Any CPU.ActiveCfg = Release|Any CPU
		{CCD16425-B3BD-45C8-A0E6-1E304DD4F85D}.Release|Any CPU.Build.0 = Release|Any CPU
		{8C2AD2DC-CBC6-47E1-B9E8-A73D7D105ECD}.Debug|Any CPU.ActiveCfg = Debug|Any CPU
		{8C2AD2DC-CBC6-47E1-B9E8-A73D7D105ECD}.Debug|Any CPU.Build.0 = Debug|Any CPU
		{8C2AD2DC-CBC6-47E1-B9E8-A73D7D105ECD}.Release|Any CPU.ActiveCfg = Release|Any CPU
		{8C2AD2DC-CBC6-47E1-B9E8-A73D7D105ECD}.Release|Any CPU.Build.0 = Release|Any CPU
		{BB2658D0-0C69-4A8A-92B4-564ADFD0E86C}.Debug|Any CPU.ActiveCfg = Debug|Any CPU
		{BB2658D0-0C69-4A8A-92B4-564ADFD0E86C}.Debug|Any CPU.Build.0 = Debug|Any CPU
		{BB2658D0-0C69-4A8A-92B4-564ADFD0E86C}.Release|Any CPU.ActiveCfg = Release|Any CPU
		{BB2658D0-0C69-4A8A-92B4-564ADFD0E86C}.Release|Any CPU.Build.0 = Release|Any CPU
		{974B12CE-63A5-493F-B44C-E7AD6ADB7205}.Debug|Any CPU.ActiveCfg = Debug|Any CPU
		{974B12CE-63A5-493F-B44C-E7AD6ADB7205}.Debug|Any CPU.Build.0 = Debug|Any CPU
		{974B12CE-63A5-493F-B44C-E7AD6ADB7205}.Release|Any CPU.ActiveCfg = Release|Any CPU
		{974B12CE-63A5-493F-B44C-E7AD6ADB7205}.Release|Any CPU.Build.0 = Release|Any CPU
		{5D8818B6-D78E-4EBF-B120-5998D81F7040}.Debug|Any CPU.ActiveCfg = Debug|Any CPU
		{5D8818B6-D78E-4EBF-B120-5998D81F7040}.Debug|Any CPU.Build.0 = Debug|Any CPU
		{5D8818B6-D78E-4EBF-B120-5998D81F7040}.Release|Any CPU.ActiveCfg = Release|Any CPU
		{5D8818B6-D78E-4EBF-B120-5998D81F7040}.Release|Any CPU.Build.0 = Release|Any CPU
		{9EE193B1-BD08-4302-A631-C5051284E6C2}.Debug|Any CPU.ActiveCfg = Debug|Any CPU
		{9EE193B1-BD08-4302-A631-C5051284E6C2}.Debug|Any CPU.Build.0 = Debug|Any CPU
		{9EE193B1-BD08-4302-A631-C5051284E6C2}.Release|Any CPU.ActiveCfg = Release|Any CPU
		{9EE193B1-BD08-4302-A631-C5051284E6C2}.Release|Any CPU.Build.0 = Release|Any CPU
		{0FC610CB-4543-4BE5-8F35-0CCA8A967182}.Debug|Any CPU.ActiveCfg = Debug|Any CPU
		{0FC610CB-4543-4BE5-8F35-0CCA8A967182}.Debug|Any CPU.Build.0 = Debug|Any CPU
		{0FC610CB-4543-4BE5-8F35-0CCA8A967182}.Release|Any CPU.ActiveCfg = Release|Any CPU
		{0FC610CB-4543-4BE5-8F35-0CCA8A967182}.Release|Any CPU.Build.0 = Release|Any CPU
	EndGlobalSection
	GlobalSection(SolutionProperties) = preSolution
		HideSolutionNode = FALSE
	EndGlobalSection
	GlobalSection(ExtensibilityGlobals) = postSolution
		SolutionGuid = {4FEB4CCB-BFA0-4261-8131-A1FB28F0DCD6}
	EndGlobalSection
EndGlobal
